
Microsoft Visual Studio Solution File, Format Version 12.00
# Visual Studio Version 17
VisualStudioVersion = 17.1.32210.238
MinimumVisualStudioVersion = 10.0.40219.1
Project("{FAE04EC0-301F-11D3-BF4B-00C04F79EFBC}") = "React_Practice", "React_Practice\React_Practice.csproj", "{7C7FD252-497F-4B79-A730-E0B78F9FB20C}"
EndProject
Global
	GlobalSection(SolutionConfigurationPlatforms) = preSolution
		Debug|Any CPU = Debug|Any CPU
		Release|Any CPU = Release|Any CPU
	EndGlobalSection
	GlobalSection(ProjectConfigurationPlatforms) = postSolution
		{7C7FD252-497F-4B79-A730-E0B78F9FB20C}.Debug|Any CPU.ActiveCfg = Debug|Any CPU
		{7C7FD252-497F-4B79-A730-E0B78F9FB20C}.Debug|Any CPU.Build.0 = Debug|Any CPU
		{7C7FD252-497F-4B79-A730-E0B78F9FB20C}.Release|Any CPU.ActiveCfg = Release|Any CPU
		{7C7FD252-497F-4B79-A730-E0B78F9FB20C}.Release|Any CPU.Build.0 = Release|Any CPU
	EndGlobalSection
	GlobalSection(SolutionProperties) = preSolution
		HideSolutionNode = FALSE
	EndGlobalSection
	GlobalSection(ExtensibilityGlobals) = postSolution
		SolutionGuid = {734474AD-06F7-4946-82DD-C799A06EEB70}
	EndGlobalSection
EndGlobal
